
Microsoft Visual Studio Solution File, Format Version 12.00
# Visual Studio Version 16
VisualStudioVersion = 16.0.30503.244
MinimumVisualStudioVersion = 10.0.40219.1
Project("{FAE04EC0-301F-11D3-BF4B-00C04F79EFBC}") = "WebProject", "WebProject\WebProject.csproj", "{CFB6B483-8449-4B2D-8F78-EB8E5F1FD66E}"
EndProject
Global
	GlobalSection(SolutionConfigurationPlatforms) = preSolution
		Debug|Any CPU = Debug|Any CPU
		Release|Any CPU = Release|Any CPU
	EndGlobalSection
	GlobalSection(ProjectConfigurationPlatforms) = postSolution
		{CFB6B483-8449-4B2D-8F78-EB8E5F1FD66E}.Debug|Any CPU.ActiveCfg = Debug|Any CPU
		{CFB6B483-8449-4B2D-8F78-EB8E5F1FD66E}.Debug|Any CPU.Build.0 = Debug|Any CPU
		{CFB6B483-8449-4B2D-8F78-EB8E5F1FD66E}.Release|Any CPU.ActiveCfg = Release|Any CPU
		{CFB6B483-8449-4B2D-8F78-EB8E5F1FD66E}.Release|Any CPU.Build.0 = Release|Any CPU
	EndGlobalSection
	GlobalSection(SolutionProperties) = preSolution
		HideSolutionNode = FALSE
	EndGlobalSection
	GlobalSection(ExtensibilityGlobals) = postSolution
		SolutionGuid = {C59F68FB-8476-4C51-9421-EB1FAC2D70C1}
	EndGlobalSection
EndGlobal
